
Microsoft Visual Studio Solution File, Format Version 12.00
# Visual Studio 15
VisualStudioVersion = 15.0.28307.438
MinimumVisualStudioVersion = 10.0.40219.1
Project("{FAE04EC0-301F-11D3-BF4B-00C04F79EFBC}") = "IHelloRemotingService", "IHelloRemotingService\IHelloRemotingService.csproj", "{7DB7D429-34F2-40D2-BC18-E973BCA31203}"
EndProject
Project("{FAE04EC0-301F-11D3-BF4B-00C04F79EFBC}") = "HelloRemotingService", "HelloRemotingService\HelloRemotingService.csproj", "{FF187CAB-5538-4517-8C47-14A0D5028524}"
EndProject
Project("{FAE04EC0-301F-11D3-BF4B-00C04F79EFBC}") = "RemotingServiceHost", "RemotingServiceHost\RemotingServiceHost.csproj", "{CE73E5DD-F729-4F65-9E30-3FB79BE2A1BF}"
EndProject
Project("{FAE04EC0-301F-11D3-BF4B-00C04F79EFBC}") = "HelloRemotingServiceClient", "HelloRemotingServiceClient\HelloRemotingServiceClient.csproj", "{82244BDE-011D-4E14-BBE8-9B75DD2E669D}"
EndProject
Global
	GlobalSection(SolutionConfigurationPlatforms) = preSolution
		Debug|Any CPU = Debug|Any CPU
		Release|Any CPU = Release|Any CPU
	EndGlobalSection
	GlobalSection(ProjectConfigurationPlatforms) = postSolution
		{7DB7D429-34F2-40D2-BC18-E973BCA31203}.Debug|Any CPU.ActiveCfg = Debug|Any CPU
		{7DB7D429-34F2-40D2-BC18-E973BCA31203}.Debug|Any CPU.Build.0 = Debug|Any CPU
		{7DB7D429-34F2-40D2-BC18-E973BCA31203}.Release|Any CPU.ActiveCfg = Release|Any CPU
		{7DB7D429-34F2-40D2-BC18-E973BCA31203}.Release|Any CPU.Build.0 = Release|Any CPU
		{FF187CAB-5538-4517-8C47-14A0D5028524}.Debug|Any CPU.ActiveCfg = Debug|Any CPU
		{FF187CAB-5538-4517-8C47-14A0D5028524}.Debug|Any CPU.Build.0 = Debug|Any CPU
		{FF187CAB-5538-4517-8C47-14A0D5028524}.Release|Any CPU.ActiveCfg = Release|Any CPU
		{FF187CAB-5538-4517-8C47-14A0D5028524}.Release|Any CPU.Build.0 = Release|Any CPU
		{CE73E5DD-F729-4F65-9E30-3FB79BE2A1BF}.Debug|Any CPU.ActiveCfg = Debug|Any CPU
		{CE73E5DD-F729-4F65-9E30-3FB79BE2A1BF}.Debug|Any CPU.Build.0 = Debug|Any CPU
		{CE73E5DD-F729-4F65-9E30-3FB79BE2A1BF}.Release|Any CPU.ActiveCfg = Release|Any CPU
		{CE73E5DD-F729-4F65-9E30-3FB79BE2A1BF}.Release|Any CPU.Build.0 = Release|Any CPU
		{82244BDE-011D-4E14-BBE8-9B75DD2E669D}.Debug|Any CPU.ActiveCfg = Debug|Any CPU
		{82244BDE-011D-4E14-BBE8-9B75DD2E669D}.Debug|Any CPU.Build.0 = Debug|Any CPU
		{82244BDE-011D-4E14-BBE8-9B75DD2E669D}.Release|Any CPU.ActiveCfg = Release|Any CPU
		{82244BDE-011D-4E14-BBE8-9B75DD2E669D}.Release|Any CPU.Build.0 = Release|Any CPU
	EndGlobalSection
	GlobalSection(SolutionProperties) = preSolution
		HideSolutionNode = FALSE
	EndGlobalSection
	GlobalSection(ExtensibilityGlobals) = postSolution
		SolutionGuid = {8E9D3514-F677-4376-AB1E-C6145A426BFB}
	EndGlobalSection
EndGlobal
